// !$*UTF8*$!
{
	archiveVersion = 1;
	classes = {
	};
	objectVersion = 46;
	objects = {

/* Begin PBXGroup section */
		A1645BCC1D9908BB00AC5FE2 = {
			isa = PBXGroup;
			children = (
			);
			sourceTree = "<group>";
		};
/* End PBXGroup section */

/* Begin PBXProject section */
		A1645BCD1D9908BB00AC5FE2 /* Project object */ = {
			isa = PBXProject;
			attributes = {
				LastUpgradeCheck = 0800;
			};
			buildConfigurationList = A1645BD01D9908BB00AC5FE2 /* Build configuration list for PBXProject "Candy_Samples" */;
			compatibilityVersion = "Xcode 3.2";
			developmentRegion = English;
			hasScannedForEncodings = 0;
			knownRegions = (
				en,
			);
			mainGroup = A1645BCC1D9908BB00AC5FE2;
			projectDirPath = "";
			projectRoot = "";
			targets = (
			);
		};
/* End PBXProject section */

/* Begin XCBuildConfiguration section */
		A1645BD11D9908BB00AC5FE2 /* Debug */ = {
			isa = XCBuildConfiguration;
			buildSettings = {
			};
			name = Debug;
		};
		A1645BD21D9908BB00AC5FE2 /* Release */ = {
			isa = XCBuildConfiguration;
			buildSettings = {
			};
			name = Release;
		};
/* End XCBuildConfiguration section */

/* Begin XCConfigurationList section */
		A1645BD01D9908BB00AC5FE2 /* Build configuration list for PBXProject "Candy_Samples" */ = {
			isa = XCConfigurationList;
			buildConfigurations = (
				A1645BD11D9908BB00AC5FE2 /* Debug */,
				A1645BD21D9908BB00AC5FE2 /* Release */,
			);
			defaultConfigurationIsVisible = 0;
			defaultConfigurationName = Release;
		};
/* End XCConfigurationList section */
	};
	rootObject = A1645BCD1D9908BB00AC5FE2 /* Project object */;
}
