// !$*UTF8*$!
{
	archiveVersion = 1;
	classes = {
	};
	objectVersion = 46;
	objects = {

/* Begin PBXBuildFile section */
		A1645BDD1D9908FB00AC5FE2 /* Assets.xcassets in Resources */ = {isa = PBXBuildFile; fileRef = A1645BDC1D9908FB00AC5FE2 /* Assets.xcassets */; };
		A1645BE01D9908FB00AC5FE2 /* MainMenu.xib in Resources */ = {isa = PBXBuildFile; fileRef = A1645BDE1D9908FB00AC5FE2 /* MainMenu.xib */; };
		A1645C1D1D994C6400AC5FE2 /* main.cpp in Sources */ = {isa = PBXBuildFile; fileRef = A1645C1C1D994C6400AC5FE2 /* main.cpp */; };
		A1645C211D994E1100AC5FE2 /* ApplicationDelegate.cpp in Sources */ = {isa = PBXBuildFile; fileRef = A1645C1F1D994E1100AC5FE2 /* ApplicationDelegate.cpp */; };
		A1645C2F1D9A66D700AC5FE2 /* libCandy Mac.a in Frameworks */ = {isa = PBXBuildFile; fileRef = A1645BEB1D99093000AC5FE2 /* libCandy Mac.a */; };
		A1645C391D9A691B00AC5FE2 /* Cocoa.framework in Frameworks */ = {isa = PBXBuildFile; fileRef = A1645C381D9A691B00AC5FE2 /* Cocoa.framework */; };
		A1645C3B1D9A692100AC5FE2 /* IOKit.framework in Frameworks */ = {isa = PBXBuildFile; fileRef = A1645C3A1D9A692100AC5FE2 /* IOKit.framework */; };
		A1645C3D1D9A693700AC5FE2 /* OpenGL.framework in Frameworks */ = {isa = PBXBuildFile; fileRef = A1645C3C1D9A693700AC5FE2 /* OpenGL.framework */; };
		A1645C3F1D9A696700AC5FE2 /* QuartzCore.framework in Frameworks */ = {isa = PBXBuildFile; fileRef = A1645C3E1D9A696700AC5FE2 /* QuartzCore.framework */; };
/* End PBXBuildFile section */

/* Begin PBXContainerItemProxy section */
		A1645BEA1D99093000AC5FE2 /* PBXContainerItemProxy */ = {
			isa = PBXContainerItemProxy;
			containerPortal = A1645BE51D99093000AC5FE2 /* Candy.xcodeproj */;
			proxyType = 2;
			remoteGlobalIDString = A13E1BAF1D8E912F0097E85B;
			remoteInfo = "Candy Mac";
		};
		A1645BEC1D99093000AC5FE2 /* PBXContainerItemProxy */ = {
			isa = PBXContainerItemProxy;
			containerPortal = A1645BE51D99093000AC5FE2 /* Candy.xcodeproj */;
			proxyType = 2;
			remoteGlobalIDString = A13E1BB91D8E93FB0097E85B;
			remoteInfo = "Candy iOS";
		};
		A1645BEE1D99095300AC5FE2 /* PBXContainerItemProxy */ = {
			isa = PBXContainerItemProxy;
			containerPortal = A1645BE51D99093000AC5FE2 /* Candy.xcodeproj */;
			proxyType = 1;
			remoteGlobalIDString = A13E1BAE1D8E912F0097E85B;
			remoteInfo = "Candy Mac";
		};
		A177B0DD1DBA0EB700981949 /* PBXContainerItemProxy */ = {
			isa = PBXContainerItemProxy;
			containerPortal = A1645BE51D99093000AC5FE2 /* Candy.xcodeproj */;
			proxyType = 2;
			remoteGlobalIDString = A19F45301DB63E5700E908D1;
			remoteInfo = "CEGUIBase Mac";
		};
		A177B0DF1DBA0EB700981949 /* PBXContainerItemProxy */ = {
			isa = PBXContainerItemProxy;
			containerPortal = A1645BE51D99093000AC5FE2 /* Candy.xcodeproj */;
			proxyType = 2;
			remoteGlobalIDString = A18F80041DB7151E0080AFE2;
			remoteInfo = "CEGUIOpenGLRenderer Mac";
		};
		A177B0E11DBA0EB700981949 /* PBXContainerItemProxy */ = {
			isa = PBXContainerItemProxy;
			containerPortal = A1645BE51D99093000AC5FE2 /* Candy.xcodeproj */;
			proxyType = 2;
			remoteGlobalIDString = A18F82221DB71D4E0080AFE2;
			remoteInfo = "CEGUIExpatParser Mac";
		};
		A177B0E31DBA0EB700981949 /* PBXContainerItemProxy */ = {
			isa = PBXContainerItemProxy;
			containerPortal = A1645BE51D99093000AC5FE2 /* Candy.xcodeproj */;
			proxyType = 2;
			remoteGlobalIDString = A18F82321DB71E740080AFE2;
			remoteInfo = "CEGUILibXMLParser Mac";
		};
		A177B0E51DBA0EB700981949 /* PBXContainerItemProxy */ = {
			isa = PBXContainerItemProxy;
			containerPortal = A1645BE51D99093000AC5FE2 /* Candy.xcodeproj */;
			proxyType = 2;
			remoteGlobalIDString = A18F824B1DB724520080AFE2;
			remoteInfo = "CEGUIFreeImageImageCodec Mac";
		};
		A177B0E71DBA0EB700981949 /* PBXContainerItemProxy */ = {
			isa = PBXContainerItemProxy;
			containerPortal = A1645BE51D99093000AC5FE2 /* Candy.xcodeproj */;
			proxyType = 2;
			remoteGlobalIDString = A18F82651DB725F30080AFE2;
			remoteInfo = "CEGUICoreWindowRendererSet Mac";
		};
		A177B0E91DBA0EB700981949 /* PBXContainerItemProxy */ = {
			isa = PBXContainerItemProxy;
			containerPortal = A1645BE51D99093000AC5FE2 /* Candy.xcodeproj */;
			proxyType = 2;
			remoteGlobalIDString = A18F82E61DB7486B0080AFE2;
			remoteInfo = "CEGUICommonDialogs Mac";
		};
/* End PBXContainerItemProxy section */

/* Begin PBXFileReference section */
		A1645BD71D9908FB00AC5FE2 /* Samples_Mac.app */ = {isa = PBXFileReference; explicitFileType = wrapper.application; includeInIndex = 0; path = Samples_Mac.app; sourceTree = BUILT_PRODUCTS_DIR; };
		A1645BDC1D9908FB00AC5FE2 /* Assets.xcassets */ = {isa = PBXFileReference; lastKnownFileType = folder.assetcatalog; path = Assets.xcassets; sourceTree = "<group>"; };
		A1645BDF1D9908FB00AC5FE2 /* Base */ = {isa = PBXFileReference; lastKnownFileType = file.xib; name = Base; path = Base.lproj/MainMenu.xib; sourceTree = "<group>"; };
		A1645BE11D9908FB00AC5FE2 /* Info.plist */ = {isa = PBXFileReference; lastKnownFileType = text.plist.xml; path = Info.plist; sourceTree = "<group>"; };
		A1645BE51D99093000AC5FE2 /* Candy.xcodeproj */ = {isa = PBXFileReference; lastKnownFileType = "wrapper.pb-project"; name = Candy.xcodeproj; path = ../Candy/Candy.xcodeproj; sourceTree = "<group>"; };
		A1645C1C1D994C6400AC5FE2 /* main.cpp */ = {isa = PBXFileReference; fileEncoding = 4; lastKnownFileType = sourcecode.cpp.cpp; path = main.cpp; sourceTree = "<group>"; };
		A1645C1F1D994E1100AC5FE2 /* ApplicationDelegate.cpp */ = {isa = PBXFileReference; fileEncoding = 4; lastKnownFileType = sourcecode.cpp.cpp; path = ApplicationDelegate.cpp; sourceTree = "<group>"; };
		A1645C201D994E1100AC5FE2 /* ApplicationDelegate.h */ = {isa = PBXFileReference; fileEncoding = 4; lastKnownFileType = sourcecode.c.h; path = ApplicationDelegate.h; sourceTree = "<group>"; };
		A1645C381D9A691B00AC5FE2 /* Cocoa.framework */ = {isa = PBXFileReference; lastKnownFileType = wrapper.framework; name = Cocoa.framework; path = System/Library/Frameworks/Cocoa.framework; sourceTree = SDKROOT; };
		A1645C3A1D9A692100AC5FE2 /* IOKit.framework */ = {isa = PBXFileReference; lastKnownFileType = wrapper.framework; name = IOKit.framework; path = System/Library/Frameworks/IOKit.framework; sourceTree = SDKROOT; };
		A1645C3C1D9A693700AC5FE2 /* OpenGL.framework */ = {isa = PBXFileReference; lastKnownFileType = wrapper.framework; name = OpenGL.framework; path = System/Library/Frameworks/OpenGL.framework; sourceTree = SDKROOT; };
		A1645C3E1D9A696700AC5FE2 /* QuartzCore.framework */ = {isa = PBXFileReference; lastKnownFileType = wrapper.framework; name = QuartzCore.framework; path = System/Library/Frameworks/QuartzCore.framework; sourceTree = SDKROOT; };
/* End PBXFileReference section */

/* Begin PBXFrameworksBuildPhase section */
		A1645BD41D9908FB00AC5FE2 /* Frameworks */ = {
			isa = PBXFrameworksBuildPhase;
			buildActionMask = 2147483647;
			files = (
				A1645C3F1D9A696700AC5FE2 /* QuartzCore.framework in Frameworks */,
				A1645C3D1D9A693700AC5FE2 /* OpenGL.framework in Frameworks */,
				A1645C3B1D9A692100AC5FE2 /* IOKit.framework in Frameworks */,
				A1645C391D9A691B00AC5FE2 /* Cocoa.framework in Frameworks */,
				A1645C2F1D9A66D700AC5FE2 /* libCandy Mac.a in Frameworks */,
			);
			runOnlyForDeploymentPostprocessing = 0;
		};
/* End PBXFrameworksBuildPhase section */

/* Begin PBXGroup section */
		A1645BCC1D9908BB00AC5FE2 = {
			isa = PBXGroup;
			children = (
				A1645BE51D99093000AC5FE2 /* Candy.xcodeproj */,
				A1645C1E1D994E1100AC5FE2 /* src */,
				A1645BD91D9908FB00AC5FE2 /* Samples_Mac */,
				A1645BD81D9908FB00AC5FE2 /* Products */,
				A1645C371D9A691A00AC5FE2 /* Frameworks */,
			);
			sourceTree = "<group>";
		};
		A1645BD81D9908FB00AC5FE2 /* Products */ = {
			isa = PBXGroup;
			children = (
				A1645BD71D9908FB00AC5FE2 /* Samples_Mac.app */,
			);
			name = Products;
			sourceTree = "<group>";
		};
		A1645BD91D9908FB00AC5FE2 /* Samples_Mac */ = {
			isa = PBXGroup;
			children = (
				A1645BDC1D9908FB00AC5FE2 /* Assets.xcassets */,
				A1645BDE1D9908FB00AC5FE2 /* MainMenu.xib */,
				A1645BE11D9908FB00AC5FE2 /* Info.plist */,
				A1645C1C1D994C6400AC5FE2 /* main.cpp */,
			);
			path = Samples_Mac;
			sourceTree = "<group>";
		};
		A1645BE61D99093000AC5FE2 /* Products */ = {
			isa = PBXGroup;
			children = (
				A1645BEB1D99093000AC5FE2 /* libCandy Mac.a */,
				A1645BED1D99093000AC5FE2 /* libCandy iOS.a */,
				A177B0DE1DBA0EB700981949 /* libCEGUIBase Mac.a */,
				A177B0E01DBA0EB700981949 /* libCEGUIOpenGLRenderer Mac.a */,
				A177B0E21DBA0EB700981949 /* libCEGUIExpatParser Mac.a */,
				A177B0E41DBA0EB700981949 /* libCEGUILibXMLParser Mac.a */,
				A177B0E61DBA0EB700981949 /* libCEGUIFreeImageImageCodec Mac.a */,
				A177B0E81DBA0EB700981949 /* libCEGUICoreWindowRendererSet Mac.a */,
				A177B0EA1DBA0EB700981949 /* libCEGUICommonDialogs Mac.a */,
			);
			name = Products;
			sourceTree = "<group>";
		};
		A1645C1E1D994E1100AC5FE2 /* src */ = {
			isa = PBXGroup;
			children = (
				A1645C1F1D994E1100AC5FE2 /* ApplicationDelegate.cpp */,
				A1645C201D994E1100AC5FE2 /* ApplicationDelegate.h */,
			);
			path = src;
			sourceTree = "<group>";
		};
		A1645C371D9A691A00AC5FE2 /* Frameworks */ = {
			isa = PBXGroup;
			children = (
				A1645C3E1D9A696700AC5FE2 /* QuartzCore.framework */,
				A1645C3C1D9A693700AC5FE2 /* OpenGL.framework */,
				A1645C3A1D9A692100AC5FE2 /* IOKit.framework */,
				A1645C381D9A691B00AC5FE2 /* Cocoa.framework */,
			);
			name = Frameworks;
			sourceTree = "<group>";
		};
/* End PBXGroup section */

/* Begin PBXNativeTarget section */
		A1645BD61D9908FB00AC5FE2 /* Samples_Mac */ = {
			isa = PBXNativeTarget;
			buildConfigurationList = A1645BE21D9908FB00AC5FE2 /* Build configuration list for PBXNativeTarget "Samples_Mac" */;
			buildPhases = (
				A1645BD31D9908FB00AC5FE2 /* Sources */,
				A1645BD41D9908FB00AC5FE2 /* Frameworks */,
				A1645BD51D9908FB00AC5FE2 /* Resources */,
			);
			buildRules = (
			);
			dependencies = (
				A1645BEF1D99095300AC5FE2 /* PBXTargetDependency */,
			);
			name = Samples_Mac;
			productName = Samples_Mac;
			productReference = A1645BD71D9908FB00AC5FE2 /* Samples_Mac.app */;
			productType = "com.apple.product-type.application";
		};
/* End PBXNativeTarget section */

/* Begin PBXProject section */
		A1645BCD1D9908BB00AC5FE2 /* Project object */ = {
			isa = PBXProject;
			attributes = {
				LastSwiftUpdateCheck = 0800;
				LastUpgradeCheck = 0800;
				TargetAttributes = {
					A1645BD61D9908FB00AC5FE2 = {
						CreatedOnToolsVersion = 8.0;
						DevelopmentTeam = QGMMQ4HULR;
						ProvisioningStyle = Automatic;
					};
				};
			};
			buildConfigurationList = A1645BD01D9908BB00AC5FE2 /* Build configuration list for PBXProject "Candy_Samples" */;
			compatibilityVersion = "Xcode 3.2";
			developmentRegion = English;
			hasScannedForEncodings = 0;
			knownRegions = (
				en,
				Base,
			);
			mainGroup = A1645BCC1D9908BB00AC5FE2;
			productRefGroup = A1645BD81D9908FB00AC5FE2 /* Products */;
			projectDirPath = "";
			projectReferences = (
				{
					ProductGroup = A1645BE61D99093000AC5FE2 /* Products */;
					ProjectRef = A1645BE51D99093000AC5FE2 /* Candy.xcodeproj */;
				},
			);
			projectRoot = "";
			targets = (
				A1645BD61D9908FB00AC5FE2 /* Samples_Mac */,
			);
		};
/* End PBXProject section */

/* Begin PBXReferenceProxy section */
		A1645BEB1D99093000AC5FE2 /* libCandy Mac.a */ = {
			isa = PBXReferenceProxy;
			fileType = archive.ar;
			path = "libCandy Mac.a";
			remoteRef = A1645BEA1D99093000AC5FE2 /* PBXContainerItemProxy */;
			sourceTree = BUILT_PRODUCTS_DIR;
		};
		A1645BED1D99093000AC5FE2 /* libCandy iOS.a */ = {
			isa = PBXReferenceProxy;
			fileType = archive.ar;
			path = "libCandy iOS.a";
			remoteRef = A1645BEC1D99093000AC5FE2 /* PBXContainerItemProxy */;
			sourceTree = BUILT_PRODUCTS_DIR;
		};
		A177B0DE1DBA0EB700981949 /* libCEGUIBase Mac.a */ = {
			isa = PBXReferenceProxy;
			fileType = archive.ar;
			path = "libCEGUIBase Mac.a";
			remoteRef = A177B0DD1DBA0EB700981949 /* PBXContainerItemProxy */;
			sourceTree = BUILT_PRODUCTS_DIR;
		};
		A177B0E01DBA0EB700981949 /* libCEGUIOpenGLRenderer Mac.a */ = {
			isa = PBXReferenceProxy;
			fileType = archive.ar;
			path = "libCEGUIOpenGLRenderer Mac.a";
			remoteRef = A177B0DF1DBA0EB700981949 /* PBXContainerItemProxy */;
			sourceTree = BUILT_PRODUCTS_DIR;
		};
		A177B0E21DBA0EB700981949 /* libCEGUIExpatParser Mac.a */ = {
			isa = PBXReferenceProxy;
			fileType = archive.ar;
			path = "libCEGUIExpatParser Mac.a";
			remoteRef = A177B0E11DBA0EB700981949 /* PBXContainerItemProxy */;
			sourceTree = BUILT_PRODUCTS_DIR;
		};
		A177B0E41DBA0EB700981949 /* libCEGUILibXMLParser Mac.a */ = {
			isa = PBXReferenceProxy;
			fileType = archive.ar;
			path = "libCEGUILibXMLParser Mac.a";
			remoteRef = A177B0E31DBA0EB700981949 /* PBXContainerItemProxy */;
			sourceTree = BUILT_PRODUCTS_DIR;
		};
		A177B0E61DBA0EB700981949 /* libCEGUIFreeImageImageCodec Mac.a */ = {
			isa = PBXReferenceProxy;
			fileType = archive.ar;
			path = "libCEGUIFreeImageImageCodec Mac.a";
			remoteRef = A177B0E51DBA0EB700981949 /* PBXContainerItemProxy */;
			sourceTree = BUILT_PRODUCTS_DIR;
		};
		A177B0E81DBA0EB700981949 /* libCEGUICoreWindowRendererSet Mac.a */ = {
			isa = PBXReferenceProxy;
			fileType = archive.ar;
			path = "libCEGUICoreWindowRendererSet Mac.a";
			remoteRef = A177B0E71DBA0EB700981949 /* PBXContainerItemProxy */;
			sourceTree = BUILT_PRODUCTS_DIR;
		};
		A177B0EA1DBA0EB700981949 /* libCEGUICommonDialogs Mac.a */ = {
			isa = PBXReferenceProxy;
			fileType = archive.ar;
			path = "libCEGUICommonDialogs Mac.a";
			remoteRef = A177B0E91DBA0EB700981949 /* PBXContainerItemProxy */;
			sourceTree = BUILT_PRODUCTS_DIR;
		};
/* End PBXReferenceProxy section */

/* Begin PBXResourcesBuildPhase section */
		A1645BD51D9908FB00AC5FE2 /* Resources */ = {
			isa = PBXResourcesBuildPhase;
			buildActionMask = 2147483647;
			files = (
				A1645BDD1D9908FB00AC5FE2 /* Assets.xcassets in Resources */,
				A1645BE01D9908FB00AC5FE2 /* MainMenu.xib in Resources */,
			);
			runOnlyForDeploymentPostprocessing = 0;
		};
/* End PBXResourcesBuildPhase section */

/* Begin PBXSourcesBuildPhase section */
		A1645BD31D9908FB00AC5FE2 /* Sources */ = {
			isa = PBXSourcesBuildPhase;
			buildActionMask = 2147483647;
			files = (
				A1645C211D994E1100AC5FE2 /* ApplicationDelegate.cpp in Sources */,
				A1645C1D1D994C6400AC5FE2 /* main.cpp in Sources */,
			);
			runOnlyForDeploymentPostprocessing = 0;
		};
/* End PBXSourcesBuildPhase section */

/* Begin PBXTargetDependency section */
		A1645BEF1D99095300AC5FE2 /* PBXTargetDependency */ = {
			isa = PBXTargetDependency;
			name = "Candy Mac";
			targetProxy = A1645BEE1D99095300AC5FE2 /* PBXContainerItemProxy */;
		};
/* End PBXTargetDependency section */

/* Begin PBXVariantGroup section */
		A1645BDE1D9908FB00AC5FE2 /* MainMenu.xib */ = {
			isa = PBXVariantGroup;
			children = (
				A1645BDF1D9908FB00AC5FE2 /* Base */,
			);
			name = MainMenu.xib;
			sourceTree = "<group>";
		};
/* End PBXVariantGroup section */

/* Begin XCBuildConfiguration section */
		A1645BD11D9908BB00AC5FE2 /* Debug */ = {
			isa = XCBuildConfiguration;
			buildSettings = {
				USER_HEADER_SEARCH_PATHS = "$(PROJECT_DIR)/../Candy";
			};
			name = Debug;
		};
		A1645BD21D9908BB00AC5FE2 /* Release */ = {
			isa = XCBuildConfiguration;
			buildSettings = {
				USER_HEADER_SEARCH_PATHS = "$(PROJECT_DIR)/../Candy";
			};
			name = Release;
		};
		A1645BE31D9908FB00AC5FE2 /* Debug */ = {
			isa = XCBuildConfiguration;
			buildSettings = {
				ALWAYS_SEARCH_USER_PATHS = YES;
				ASSETCATALOG_COMPILER_APPICON_NAME = AppIcon;
				CLANG_ANALYZER_NONNULL = YES;
				CLANG_CXX_LANGUAGE_STANDARD = "gnu++0x";
				CLANG_CXX_LIBRARY = "libc++";
				CLANG_ENABLE_MODULES = YES;
				CLANG_ENABLE_OBJC_ARC = YES;
				CLANG_WARN_BOOL_CONVERSION = YES;
				CLANG_WARN_CONSTANT_CONVERSION = YES;
				CLANG_WARN_DIRECT_OBJC_ISA_USAGE = YES_ERROR;
				CLANG_WARN_DOCUMENTATION_COMMENTS = YES;
				CLANG_WARN_EMPTY_BODY = YES;
				CLANG_WARN_ENUM_CONVERSION = YES;
				CLANG_WARN_INFINITE_RECURSION = YES;
				CLANG_WARN_INT_CONVERSION = YES;
				CLANG_WARN_OBJC_ROOT_CLASS = YES_ERROR;
				CLANG_WARN_SUSPICIOUS_MOVES = YES;
				CLANG_WARN_UNREACHABLE_CODE = YES;
				CLANG_WARN__DUPLICATE_METHOD_MATCH = YES;
				CODE_SIGN_IDENTITY = "-";
				COMBINE_HIDPI_IMAGES = YES;
				COPY_PHASE_STRIP = NO;
				DEBUG_INFORMATION_FORMAT = dwarf;
				DEVELOPMENT_TEAM = QGMMQ4HULR;
				ENABLE_STRICT_OBJC_MSGSEND = YES;
				ENABLE_TESTABILITY = YES;
				GCC_C_LANGUAGE_STANDARD = gnu99;
				GCC_DYNAMIC_NO_PIC = NO;
				GCC_NO_COMMON_BLOCKS = YES;
				GCC_OPTIMIZATION_LEVEL = 0;
				GCC_PREPROCESSOR_DEFINITIONS = (
					"DEBUG=1",
					"$(inherited)",
				);
				GCC_WARN_64_TO_32_BIT_CONVERSION = YES;
				GCC_WARN_ABOUT_RETURN_TYPE = YES_ERROR;
				GCC_WARN_UNDECLARED_SELECTOR = YES;
				GCC_WARN_UNINITIALIZED_AUTOS = YES_AGGRESSIVE;
				GCC_WARN_UNUSED_FUNCTION = YES;
				GCC_WARN_UNUSED_VARIABLE = YES;
				INFOPLIST_FILE = Samples_Mac/Info.plist;
				LD_RUNPATH_SEARCH_PATHS = "$(inherited) @executable_path/../Frameworks";
				MACOSX_DEPLOYMENT_TARGET = 10.12;
				MTL_ENABLE_DEBUG_INFO = YES;
				ONLY_ACTIVE_ARCH = YES;
				PRODUCT_BUNDLE_IDENTIFIER = "Personal.Samples-Mac";
				PRODUCT_NAME = "$(TARGET_NAME)";
				SDKROOT = macosx;
				SWIFT_ACTIVE_COMPILATION_CONDITIONS = DEBUG;
				SWIFT_OPTIMIZATION_LEVEL = "-Onone";
				SWIFT_VERSION = 3.0;
			};
			name = Debug;
		};
		A1645BE41D9908FB00AC5FE2 /* Release */ = {
			isa = XCBuildConfiguration;
			buildSettings = {
				ALWAYS_SEARCH_USER_PATHS = YES;
				ASSETCATALOG_COMPILER_APPICON_NAME = AppIcon;
				CLANG_ANALYZER_NONNULL = YES;
				CLANG_CXX_LANGUAGE_STANDARD = "gnu++0x";
				CLANG_CXX_LIBRARY = "libc++";
				CLANG_ENABLE_MODULES = YES;
				CLANG_ENABLE_OBJC_ARC = YES;
				CLANG_WARN_BOOL_CONVERSION = YES;
				CLANG_WARN_CONSTANT_CONVERSION = YES;
				CLANG_WARN_DIRECT_OBJC_ISA_USAGE = YES_ERROR;
				CLANG_WARN_DOCUMENTATION_COMMENTS = YES;
				CLANG_WARN_EMPTY_BODY = YES;
				CLANG_WARN_ENUM_CONVERSION = YES;
				CLANG_WARN_INFINITE_RECURSION = YES;
				CLANG_WARN_INT_CONVERSION = YES;
				CLANG_WARN_OBJC_ROOT_CLASS = YES_ERROR;
				CLANG_WARN_SUSPICIOUS_MOVES = YES;
				CLANG_WARN_UNREACHABLE_CODE = YES;
				CLANG_WARN__DUPLICATE_METHOD_MATCH = YES;
				CODE_SIGN_IDENTITY = "-";
				COMBINE_HIDPI_IMAGES = YES;
				COPY_PHASE_STRIP = NO;
				DEBUG_INFORMATION_FORMAT = "dwarf-with-dsym";
				DEVELOPMENT_TEAM = QGMMQ4HULR;
				ENABLE_NS_ASSERTIONS = NO;
				ENABLE_STRICT_OBJC_MSGSEND = YES;
				GCC_C_LANGUAGE_STANDARD = gnu99;
				GCC_NO_COMMON_BLOCKS = YES;
				GCC_WARN_64_TO_32_BIT_CONVERSION = YES;
				GCC_WARN_ABOUT_RETURN_TYPE = YES_ERROR;
				GCC_WARN_UNDECLARED_SELECTOR = YES;
				GCC_WARN_UNINITIALIZED_AUTOS = YES_AGGRESSIVE;
				GCC_WARN_UNUSED_FUNCTION = YES;
				GCC_WARN_UNUSED_VARIABLE = YES;
				INFOPLIST_FILE = Samples_Mac/Info.plist;
				LD_RUNPATH_SEARCH_PATHS = "$(inherited) @executable_path/../Frameworks";
				MACOSX_DEPLOYMENT_TARGET = 10.12;
				MTL_ENABLE_DEBUG_INFO = NO;
				PRODUCT_BUNDLE_IDENTIFIER = "Personal.Samples-Mac";
				PRODUCT_NAME = "$(TARGET_NAME)";
				SDKROOT = macosx;
				SWIFT_OPTIMIZATION_LEVEL = "-Owholemodule";
				SWIFT_VERSION = 3.0;
			};
			name = Release;
		};
/* End XCBuildConfiguration section */

/* Begin XCConfigurationList section */
		A1645BD01D9908BB00AC5FE2 /* Build configuration list for PBXProject "Candy_Samples" */ = {
			isa = XCConfigurationList;
			buildConfigurations = (
				A1645BD11D9908BB00AC5FE2 /* Debug */,
				A1645BD21D9908BB00AC5FE2 /* Release */,
			);
			defaultConfigurationIsVisible = 0;
			defaultConfigurationName = Release;
		};
		A1645BE21D9908FB00AC5FE2 /* Build configuration list for PBXNativeTarget "Samples_Mac" */ = {
			isa = XCConfigurationList;
			buildConfigurations = (
				A1645BE31D9908FB00AC5FE2 /* Debug */,
				A1645BE41D9908FB00AC5FE2 /* Release */,
			);
			defaultConfigurationIsVisible = 0;
			defaultConfigurationName = Release;
		};
/* End XCConfigurationList section */
	};
	rootObject = A1645BCD1D9908BB00AC5FE2 /* Project object */;
}
